// !$*UTF8*$!
{
	archiveVersion = 1;
	classes = {
	};
	objectVersion = 50;
	objects = {

/* Begin PBXBuildFile section */
		89122755238BD2450001D5DC /* AppDelegate.swift in Sources */ = {isa = PBXBuildFile; fileRef = 89122754238BD2450001D5DC /* AppDelegate.swift */; };
		89122757238BD2450001D5DC /* SceneDelegate.swift in Sources */ = {isa = PBXBuildFile; fileRef = 89122756238BD2450001D5DC /* SceneDelegate.swift */; };
		89122759238BD2450001D5DC /* ContentView.swift in Sources */ = {isa = PBXBuildFile; fileRef = 89122758238BD2450001D5DC /* ContentView.swift */; };
		8912275B238BD2500001D5DC /* Assets.xcassets in Resources */ = {isa = PBXBuildFile; fileRef = 8912275A238BD2500001D5DC /* Assets.xcassets */; };
		8912275E238BD2500001D5DC /* Preview Assets.xcassets in Resources */ = {isa = PBXBuildFile; fileRef = 8912275D238BD2500001D5DC /* Preview Assets.xcassets */; };
		89122761238BD2500001D5DC /* LaunchScreen.storyboard in Resources */ = {isa = PBXBuildFile; fileRef = 8912275F238BD2500001D5DC /* LaunchScreen.storyboard */; };
		8912276A238BD2D90001D5DC /* User.swift in Sources */ = {isa = PBXBuildFile; fileRef = 89122769238BD2D90001D5DC /* User.swift */; };
		8912276C238BD3FE0001D5DC /* Friend.swift in Sources */ = {isa = PBXBuildFile; fileRef = 8912276B238BD3FE0001D5DC /* Friend.swift */; };
		8912276F238BDB530001D5DC /* DetailView.swift in Sources */ = {isa = PBXBuildFile; fileRef = 8912276E238BDB530001D5DC /* DetailView.swift */; };
		89122771238BF43E0001D5DC /* Users.swift in Sources */ = {isa = PBXBuildFile; fileRef = 89122770238BF43E0001D5DC /* Users.swift */; };
		89122774238C05980001D5DC /* Users.xcdatamodeld in Sources */ = {isa = PBXBuildFile; fileRef = 89122772238C05980001D5DC /* Users.xcdatamodeld */; };
		89122776238C129C0001D5DC /* FilteredList.swift in Sources */ = {isa = PBXBuildFile; fileRef = 89122775238C129C0001D5DC /* FilteredList.swift */; };
/* End PBXBuildFile section */

/* Begin PBXFileReference section */
		89122751238BD2450001D5DC /* Friends.app */ = {isa = PBXFileReference; explicitFileType = wrapper.application; includeInIndex = 0; path = Friends.app; sourceTree = BUILT_PRODUCTS_DIR; };
		89122754238BD2450001D5DC /* AppDelegate.swift */ = {isa = PBXFileReference; lastKnownFileType = sourcecode.swift; path = AppDelegate.swift; sourceTree = "<group>"; };
		89122756238BD2450001D5DC /* SceneDelegate.swift */ = {isa = PBXFileReference; lastKnownFileType = sourcecode.swift; path = SceneDelegate.swift; sourceTree = "<group>"; };
		89122758238BD2450001D5DC /* ContentView.swift */ = {isa = PBXFileReference; lastKnownFileType = sourcecode.swift; path = ContentView.swift; sourceTree = "<group>"; };
		8912275A238BD2500001D5DC /* Assets.xcassets */ = {isa = PBXFileReference; lastKnownFileType = folder.assetcatalog; path = Assets.xcassets; sourceTree = "<group>"; };
		8912275D238BD2500001D5DC /* Preview Assets.xcassets */ = {isa = PBXFileReference; lastKnownFileType = folder.assetcatalog; path = "Preview Assets.xcassets"; sourceTree = "<group>"; };
		89122760238BD2500001D5DC /* Base */ = {isa = PBXFileReference; lastKnownFileType = file.storyboard; name = Base; path = Base.lproj/LaunchScreen.storyboard; sourceTree = "<group>"; };
		89122762238BD2500001D5DC /* Info.plist */ = {isa = PBXFileReference; lastKnownFileType = text.plist.xml; path = Info.plist; sourceTree = "<group>"; };
		89122769238BD2D90001D5DC /* User.swift */ = {isa = PBXFileReference; lastKnownFileType = sourcecode.swift; path = User.swift; sourceTree = "<group>"; };
		8912276B238BD3FE0001D5DC /* Friend.swift */ = {isa = PBXFileReference; lastKnownFileType = sourcecode.swift; path = Friend.swift; sourceTree = "<group>"; };
		8912276E238BDB530001D5DC /* DetailView.swift */ = {isa = PBXFileReference; lastKnownFileType = sourcecode.swift; path = DetailView.swift; sourceTree = "<group>"; };
		89122770238BF43E0001D5DC /* Users.swift */ = {isa = PBXFileReference; lastKnownFileType = sourcecode.swift; path = Users.swift; sourceTree = "<group>"; };
		89122773238C05980001D5DC /* Users.xcdatamodel */ = {isa = PBXFileReference; lastKnownFileType = wrapper.xcdatamodel; path = Users.xcdatamodel; sourceTree = "<group>"; };
		89122775238C129C0001D5DC /* FilteredList.swift */ = {isa = PBXFileReference; lastKnownFileType = sourcecode.swift; path = FilteredList.swift; sourceTree = "<group>"; };
/* End PBXFileReference section */

/* Begin PBXFrameworksBuildPhase section */
		8912274E238BD2450001D5DC /* Frameworks */ = {
			isa = PBXFrameworksBuildPhase;
			buildActionMask = 2147483647;
			files = (
			);
			runOnlyForDeploymentPostprocessing = 0;
		};
/* End PBXFrameworksBuildPhase section */

/* Begin PBXGroup section */
		89122748238BD2450001D5DC = {
			isa = PBXGroup;
			children = (
				89122753238BD2450001D5DC /* Friends */,
				89122752238BD2450001D5DC /* Products */,
			);
			sourceTree = "<group>";
		};
		89122752238BD2450001D5DC /* Products */ = {
			isa = PBXGroup;
			children = (
				89122751238BD2450001D5DC /* Friends.app */,
			);
			name = Products;
			sourceTree = "<group>";
		};
		89122753238BD2450001D5DC /* Friends */ = {
			isa = PBXGroup;
			children = (
				89122754238BD2450001D5DC /* AppDelegate.swift */,
				89122756238BD2450001D5DC /* SceneDelegate.swift */,
				8912276D238BDB410001D5DC /* Views */,
				89122768238BD2A10001D5DC /* Model */,
				8912275A238BD2500001D5DC /* Assets.xcassets */,
				8912275F238BD2500001D5DC /* LaunchScreen.storyboard */,
				89122762238BD2500001D5DC /* Info.plist */,
				8912275C238BD2500001D5DC /* Preview Content */,
			);
			path = Friends;
			sourceTree = "<group>";
		};
		8912275C238BD2500001D5DC /* Preview Content */ = {
			isa = PBXGroup;
			children = (
				8912275D238BD2500001D5DC /* Preview Assets.xcassets */,
			);
			path = "Preview Content";
			sourceTree = "<group>";
		};
		89122768238BD2A10001D5DC /* Model */ = {
			isa = PBXGroup;
			children = (
				89122770238BF43E0001D5DC /* Users.swift */,
				89122769238BD2D90001D5DC /* User.swift */,
				8912276B238BD3FE0001D5DC /* Friend.swift */,
				89122772238C05980001D5DC /* Users.xcdatamodeld */,
			);
			path = Model;
			sourceTree = "<group>";
		};
		8912276D238BDB410001D5DC /* Views */ = {
			isa = PBXGroup;
			children = (
				89122758238BD2450001D5DC /* ContentView.swift */,
				8912276E238BDB530001D5DC /* DetailView.swift */,
				89122775238C129C0001D5DC /* FilteredList.swift */,
			);
			path = Views;
			sourceTree = "<group>";
		};
/* End PBXGroup section */

/* Begin PBXNativeTarget section */
		89122750238BD2450001D5DC /* Friends */ = {
			isa = PBXNativeTarget;
			buildConfigurationList = 89122765238BD2500001D5DC /* Build configuration list for PBXNativeTarget "Friends" */;
			buildPhases = (
				8912274D238BD2450001D5DC /* Sources */,
				8912274E238BD2450001D5DC /* Frameworks */,
				8912274F238BD2450001D5DC /* Resources */,
			);
			buildRules = (
			);
			dependencies = (
			);
			name = Friends;
			productName = Friends;
			productReference = 89122751238BD2450001D5DC /* Friends.app */;
			productType = "com.apple.product-type.application";
		};
/* End PBXNativeTarget section */

/* Begin PBXProject section */
		89122749238BD2450001D5DC /* Project object */ = {
			isa = PBXProject;
			attributes = {
				LastSwiftUpdateCheck = 1120;
				LastUpgradeCheck = 1120;
				ORGANIZATIONNAME = "Mihai Leonte";
				TargetAttributes = {
					89122750238BD2450001D5DC = {
						CreatedOnToolsVersion = 11.2.1;
					};
				};
			};
			buildConfigurationList = 8912274C238BD2450001D5DC /* Build configuration list for PBXProject "Friends" */;
			compatibilityVersion = "Xcode 9.3";
			developmentRegion = en;
			hasScannedForEncodings = 0;
			knownRegions = (
				en,
				Base,
			);
			mainGroup = 89122748238BD2450001D5DC;
			productRefGroup = 89122752238BD2450001D5DC /* Products */;
			projectDirPath = "";
			projectRoot = "";
			targets = (
				89122750238BD2450001D5DC /* Friends */,
			);
		};
/* End PBXProject section */

/* Begin PBXResourcesBuildPhase section */
		8912274F238BD2450001D5DC /* Resources */ = {
			isa = PBXResourcesBuildPhase;
			buildActionMask = 2147483647;
			files = (
				89122761238BD2500001D5DC /* LaunchScreen.storyboard in Resources */,
				8912275E238BD2500001D5DC /* Preview Assets.xcassets in Resources */,
				8912275B238BD2500001D5DC /* Assets.xcassets in Resources */,
			);
			runOnlyForDeploymentPostprocessing = 0;
		};
/* End PBXResourcesBuildPhase section */

/* Begin PBXSourcesBuildPhase section */
		8912274D238BD2450001D5DC /* Sources */ = {
			isa = PBXSourcesBuildPhase;
			buildActionMask = 2147483647;
			files = (
				8912276A238BD2D90001D5DC /* User.swift in Sources */,
				8912276F238BDB530001D5DC /* DetailView.swift in Sources */,
				89122776238C129C0001D5DC /* FilteredList.swift in Sources */,
				89122755238BD2450001D5DC /* AppDelegate.swift in Sources */,
				8912276C238BD3FE0001D5DC /* Friend.swift in Sources */,
				89122774238C05980001D5DC /* Users.xcdatamodeld in Sources */,
				89122757238BD2450001D5DC /* SceneDelegate.swift in Sources */,
				89122759238BD2450001D5DC /* ContentView.swift in Sources */,
				89122771238BF43E0001D5DC /* Users.swift in Sources */,
			);
			runOnlyForDeploymentPostprocessing = 0;
		};
/* End PBXSourcesBuildPhase section */

/* Begin PBXVariantGroup section */
		8912275F238BD2500001D5DC /* LaunchScreen.storyboard */ = {
			isa = PBXVariantGroup;
			children = (
				89122760238BD2500001D5DC /* Base */,
			);
			name = LaunchScreen.storyboard;
			sourceTree = "<group>";
		};
/* End PBXVariantGroup section */

/* Begin XCBuildConfiguration section */
		89122763238BD2500001D5DC /* Debug */ = {
			isa = XCBuildConfiguration;
			buildSettings = {
				ALWAYS_SEARCH_USER_PATHS = NO;
				CLANG_ANALYZER_NONNULL = YES;
				CLANG_ANALYZER_NUMBER_OBJECT_CONVERSION = YES_AGGRESSIVE;
				CLANG_CXX_LANGUAGE_STANDARD = "gnu++14";
				CLANG_CXX_LIBRARY = "libc++";
				CLANG_ENABLE_MODULES = YES;
				CLANG_ENABLE_OBJC_ARC = YES;
				CLANG_ENABLE_OBJC_WEAK = YES;
				CLANG_WARN_BLOCK_CAPTURE_AUTORELEASING = YES;
				CLANG_WARN_BOOL_CONVERSION = YES;
				CLANG_WARN_COMMA = YES;
				CLANG_WARN_CONSTANT_CONVERSION = YES;
				CLANG_WARN_DEPRECATED_OBJC_IMPLEMENTATIONS = YES;
				CLANG_WARN_DIRECT_OBJC_ISA_USAGE = YES_ERROR;
				CLANG_WARN_DOCUMENTATION_COMMENTS = YES;
				CLANG_WARN_EMPTY_BODY = YES;
				CLANG_WARN_ENUM_CONVERSION = YES;
				CLANG_WARN_INFINITE_RECURSION = YES;
				CLANG_WARN_INT_CONVERSION = YES;
				CLANG_WARN_NON_LITERAL_NULL_CONVERSION = YES;
				CLANG_WARN_OBJC_IMPLICIT_RETAIN_SELF = YES;
				CLANG_WARN_OBJC_LITERAL_CONVERSION = YES;
				CLANG_WARN_OBJC_ROOT_CLASS = YES_ERROR;
				CLANG_WARN_RANGE_LOOP_ANALYSIS = YES;
				CLANG_WARN_STRICT_PROTOTYPES = YES;
				CLANG_WARN_SUSPICIOUS_MOVE = YES;
				CLANG_WARN_UNGUARDED_AVAILABILITY = YES_AGGRESSIVE;
				CLANG_WARN_UNREACHABLE_CODE = YES;
				CLANG_WARN__DUPLICATE_METHOD_MATCH = YES;
				COPY_PHASE_STRIP = NO;
				DEBUG_INFORMATION_FORMAT = dwarf;
				ENABLE_STRICT_OBJC_MSGSEND = YES;
				ENABLE_TESTABILITY = YES;
				GCC_C_LANGUAGE_STANDARD = gnu11;
				GCC_DYNAMIC_NO_PIC = NO;
				GCC_NO_COMMON_BLOCKS = YES;
				GCC_OPTIMIZATION_LEVEL = 0;
				GCC_PREPROCESSOR_DEFINITIONS = (
					"DEBUG=1",
					"$(inherited)",
				);
				GCC_WARN_64_TO_32_BIT_CONVERSION = YES;
				GCC_WARN_ABOUT_RETURN_TYPE = YES_ERROR;
				GCC_WARN_UNDECLARED_SELECTOR = YES;
				GCC_WARN_UNINITIALIZED_AUTOS = YES_AGGRESSIVE;
				GCC_WARN_UNUSED_FUNCTION = YES;
				GCC_WARN_UNUSED_VARIABLE = YES;
				IPHONEOS_DEPLOYMENT_TARGET = 13.2;
				MTL_ENABLE_DEBUG_INFO = INCLUDE_SOURCE;
				MTL_FAST_MATH = YES;
				ONLY_ACTIVE_ARCH = YES;
				SDKROOT = iphoneos;
				SWIFT_ACTIVE_COMPILATION_CONDITIONS = DEBUG;
				SWIFT_OPTIMIZATION_LEVEL = "-Onone";
			};
			name = Debug;
		};
		89122764238BD2500001D5DC /* Release */ = {
			isa = XCBuildConfiguration;
			buildSettings = {
				ALWAYS_SEARCH_USER_PATHS = NO;
				CLANG_ANALYZER_NONNULL = YES;
				CLANG_ANALYZER_NUMBER_OBJECT_CONVERSION = YES_AGGRESSIVE;
				CLANG_CXX_LANGUAGE_STANDARD = "gnu++14";
				CLANG_CXX_LIBRARY = "libc++";
				CLANG_ENABLE_MODULES = YES;
				CLANG_ENABLE_OBJC_ARC = YES;
				CLANG_ENABLE_OBJC_WEAK = YES;
				CLANG_WARN_BLOCK_CAPTURE_AUTORELEASING = YES;
				CLANG_WARN_BOOL_CONVERSION = YES;
				CLANG_WARN_COMMA = YES;
				CLANG_WARN_CONSTANT_CONVERSION = YES;
				CLANG_WARN_DEPRECATED_OBJC_IMPLEMENTATIONS = YES;
				CLANG_WARN_DIRECT_OBJC_ISA_USAGE = YES_ERROR;
				CLANG_WARN_DOCUMENTATION_COMMENTS = YES;
				CLANG_WARN_EMPTY_BODY = YES;
				CLANG_WARN_ENUM_CONVERSION = YES;
				CLANG_WARN_INFINITE_RECURSION = YES;
				CLANG_WARN_INT_CONVERSION = YES;
				CLANG_WARN_NON_LITERAL_NULL_CONVERSION = YES;
				CLANG_WARN_OBJC_IMPLICIT_RETAIN_SELF = YES;
				CLANG_WARN_OBJC_LITERAL_CONVERSION = YES;
				CLANG_WARN_OBJC_ROOT_CLASS = YES_ERROR;
				CLANG_WARN_RANGE_LOOP_ANALYSIS = YES;
				CLANG_WARN_STRICT_PROTOTYPES = YES;
				CLANG_WARN_SUSPICIOUS_MOVE = YES;
				CLANG_WARN_UNGUARDED_AVAILABILITY = YES_AGGRESSIVE;
				CLANG_WARN_UNREACHABLE_CODE = YES;
				CLANG_WARN__DUPLICATE_METHOD_MATCH = YES;
				COPY_PHASE_STRIP = NO;
				DEBUG_INFORMATION_FORMAT = "dwarf-with-dsym";
				ENABLE_NS_ASSERTIONS = NO;
				ENABLE_STRICT_OBJC_MSGSEND = YES;
				GCC_C_LANGUAGE_STANDARD = gnu11;
				GCC_NO_COMMON_BLOCKS = YES;
				GCC_WARN_64_TO_32_BIT_CONVERSION = YES;
				GCC_WARN_ABOUT_RETURN_TYPE = YES_ERROR;
				GCC_WARN_UNDECLARED_SELECTOR = YES;
				GCC_WARN_UNINITIALIZED_AUTOS = YES_AGGRESSIVE;
				GCC_WARN_UNUSED_FUNCTION = YES;
				GCC_WARN_UNUSED_VARIABLE = YES;
				IPHONEOS_DEPLOYMENT_TARGET = 13.2;
				MTL_ENABLE_DEBUG_INFO = NO;
				MTL_FAST_MATH = YES;
				SDKROOT = iphoneos;
				SWIFT_COMPILATION_MODE = wholemodule;
				SWIFT_OPTIMIZATION_LEVEL = "-O";
				VALIDATE_PRODUCT = YES;
			};
			name = Release;
		};
		89122766238BD2500001D5DC /* Debug */ = {
			isa = XCBuildConfiguration;
			buildSettings = {
				ASSETCATALOG_COMPILER_APPICON_NAME = AppIcon;
				CODE_SIGN_STYLE = Automatic;
				DEVELOPMENT_ASSET_PATHS = "\"Friends/Preview Content\"";
				DEVELOPMENT_TEAM = V7S7GB28P7;
				ENABLE_PREVIEWS = YES;
				INFOPLIST_FILE = Friends/Info.plist;
				LD_RUNPATH_SEARCH_PATHS = (
					"$(inherited)",
					"@executable_path/Frameworks",
				);
				PRODUCT_BUNDLE_IDENTIFIER = dev.leonte.swiftui.Friends;
				PRODUCT_NAME = "$(TARGET_NAME)";
				SWIFT_VERSION = 5.0;
				TARGETED_DEVICE_FAMILY = "1,2";
			};
			name = Debug;
		};
		89122767238BD2500001D5DC /* Release */ = {
			isa = XCBuildConfiguration;
			buildSettings = {
				ASSETCATALOG_COMPILER_APPICON_NAME = AppIcon;
				CODE_SIGN_STYLE = Automatic;
				DEVELOPMENT_ASSET_PATHS = "\"Friends/Preview Content\"";
				DEVELOPMENT_TEAM = V7S7GB28P7;
				ENABLE_PREVIEWS = YES;
				INFOPLIST_FILE = Friends/Info.plist;
				LD_RUNPATH_SEARCH_PATHS = (
					"$(inherited)",
					"@executable_path/Frameworks",
				);
				PRODUCT_BUNDLE_IDENTIFIER = dev.leonte.swiftui.Friends;
				PRODUCT_NAME = "$(TARGET_NAME)";
				SWIFT_VERSION = 5.0;
				TARGETED_DEVICE_FAMILY = "1,2";
			};
			name = Release;
		};
/* End XCBuildConfiguration section */

/* Begin XCConfigurationList section */
		8912274C238BD2450001D5DC /* Build configuration list for PBXProject "Friends" */ = {
			isa = XCConfigurationList;
			buildConfigurations = (
				89122763238BD2500001D5DC /* Debug */,
				89122764238BD2500001D5DC /* Release */,
			);
			defaultConfigurationIsVisible = 0;
			defaultConfigurationName = Release;
		};
		89122765238BD2500001D5DC /* Build configuration list for PBXNativeTarget "Friends" */ = {
			isa = XCConfigurationList;
			buildConfigurations = (
				89122766238BD2500001D5DC /* Debug */,
				89122767238BD2500001D5DC /* Release */,
			);
			defaultConfigurationIsVisible = 0;
			defaultConfigurationName = Release;
		};
/* End XCConfigurationList section */

/* Begin XCVersionGroup section */
		89122772238C05980001D5DC /* Users.xcdatamodeld */ = {
			isa = XCVersionGroup;
			children = (
				89122773238C05980001D5DC /* Users.xcdatamodel */,
			);
			currentVersion = 89122773238C05980001D5DC /* Users.xcdatamodel */;
			path = Users.xcdatamodeld;
			sourceTree = "<group>";
			versionGroupType = wrapper.xcdatamodel;
		};
/* End XCVersionGroup section */
	};
	rootObject = 89122749238BD2450001D5DC /* Project object */;
}
